
Microsoft Visual Studio Solution File, Format Version 12.00
# Visual Studio 15
VisualStudioVersion = 15.0.28307.329
MinimumVisualStudioVersion = 10.0.40219.1
Project("{FAE04EC0-301F-11D3-BF4B-00C04F79EFBC}") = "WebApplication1", "WebApplication1\WebApplication1.csproj", "{981D7421-3383-49AA-9C4D-EB2405EC8A17}"
EndProject
Global
	GlobalSection(SolutionConfigurationPlatforms) = preSolution
		Debug|Any CPU = Debug|Any CPU
		Release|Any CPU = Release|Any CPU
	EndGlobalSection
	GlobalSection(ProjectConfigurationPlatforms) = postSolution
		{981D7421-3383-49AA-9C4D-EB2405EC8A17}.Debug|Any CPU.ActiveCfg = Debug|Any CPU
		{981D7421-3383-49AA-9C4D-EB2405EC8A17}.Debug|Any CPU.Build.0 = Debug|Any CPU
		{981D7421-3383-49AA-9C4D-EB2405EC8A17}.Release|Any CPU.ActiveCfg = Release|Any CPU
		{981D7421-3383-49AA-9C4D-EB2405EC8A17}.Release|Any CPU.Build.0 = Release|Any CPU
	EndGlobalSection
	GlobalSection(SolutionProperties) = preSolution
		HideSolutionNode = FALSE
	EndGlobalSection
	GlobalSection(ExtensibilityGlobals) = postSolution
		SolutionGuid = {2D1C9618-5E2B-4E5F-8996-1E6FAA9847A2}
	EndGlobalSection
EndGlobal
